
Microsoft Visual Studio Solution File, Format Version 12.00
# Visual Studio Version 16
VisualStudioVersion = 16.0.32106.194
MinimumVisualStudioVersion = 10.0.40219.1
Project("{9A19103F-16F7-4668-BE54-9A1E7A4F7556}") = "LoopsAndRandomNumbers", "LoopsAndRandomNumbers\LoopsAndRandomNumbers.csproj", "{99C69451-2FC7-4EB8-9B10-C6C8599103EF}"
EndProject
Project("{FAE04EC0-301F-11D3-BF4B-00C04F79EFBC}") = "PinInfiniteLoop", "PinInfiniteLoop\PinInfiniteLoop.csproj", "{156ED28E-2CE0-4D67-A021-908C005BCB68}"
EndProject
Project("{FAE04EC0-301F-11D3-BF4B-00C04F79EFBC}") = "RandomNumber", "RandomNumber\RandomNumber.csproj", "{CEF70C8F-B3B8-46F4-BE34-7BF795A69D1B}"
EndProject
Project("{FAE04EC0-301F-11D3-BF4B-00C04F79EFBC}") = "GuessingGameInfinite", "GuessingGameInfinite\GuessingGameInfinite.csproj", "{813F3B68-571E-4092-A787-79A38E651BF2}"
EndProject
Project("{FAE04EC0-301F-11D3-BF4B-00C04F79EFBC}") = "GuessingGameThreeTries", "GuessingGameThreeTries\GuessingGameThreeTries.csproj", "{D87714AE-55EC-4A97-B58C-9829AD2478FE}"
EndProject
Global
	GlobalSection(SolutionConfigurationPlatforms) = preSolution
		Debug|Any CPU = Debug|Any CPU
		Release|Any CPU = Release|Any CPU
	EndGlobalSection
	GlobalSection(ProjectConfigurationPlatforms) = postSolution
		{99C69451-2FC7-4EB8-9B10-C6C8599103EF}.Debug|Any CPU.ActiveCfg = Debug|Any CPU
		{99C69451-2FC7-4EB8-9B10-C6C8599103EF}.Debug|Any CPU.Build.0 = Debug|Any CPU
		{99C69451-2FC7-4EB8-9B10-C6C8599103EF}.Release|Any CPU.ActiveCfg = Release|Any CPU
		{99C69451-2FC7-4EB8-9B10-C6C8599103EF}.Release|Any CPU.Build.0 = Release|Any CPU
		{156ED28E-2CE0-4D67-A021-908C005BCB68}.Debug|Any CPU.ActiveCfg = Debug|Any CPU
		{156ED28E-2CE0-4D67-A021-908C005BCB68}.Debug|Any CPU.Build.0 = Debug|Any CPU
		{156ED28E-2CE0-4D67-A021-908C005BCB68}.Release|Any CPU.ActiveCfg = Release|Any CPU
		{156ED28E-2CE0-4D67-A021-908C005BCB68}.Release|Any CPU.Build.0 = Release|Any CPU
		{CEF70C8F-B3B8-46F4-BE34-7BF795A69D1B}.Debug|Any CPU.ActiveCfg = Debug|Any CPU
		{CEF70C8F-B3B8-46F4-BE34-7BF795A69D1B}.Debug|Any CPU.Build.0 = Debug|Any CPU
		{CEF70C8F-B3B8-46F4-BE34-7BF795A69D1B}.Release|Any CPU.ActiveCfg = Release|Any CPU
		{CEF70C8F-B3B8-46F4-BE34-7BF795A69D1B}.Release|Any CPU.Build.0 = Release|Any CPU
		{813F3B68-571E-4092-A787-79A38E651BF2}.Debug|Any CPU.ActiveCfg = Debug|Any CPU
		{813F3B68-571E-4092-A787-79A38E651BF2}.Debug|Any CPU.Build.0 = Debug|Any CPU
		{813F3B68-571E-4092-A787-79A38E651BF2}.Release|Any CPU.ActiveCfg = Release|Any CPU
		{813F3B68-571E-4092-A787-79A38E651BF2}.Release|Any CPU.Build.0 = Release|Any CPU
		{D87714AE-55EC-4A97-B58C-9829AD2478FE}.Debug|Any CPU.ActiveCfg = Debug|Any CPU
		{D87714AE-55EC-4A97-B58C-9829AD2478FE}.Debug|Any CPU.Build.0 = Debug|Any CPU
		{D87714AE-55EC-4A97-B58C-9829AD2478FE}.Release|Any CPU.ActiveCfg = Release|Any CPU
		{D87714AE-55EC-4A97-B58C-9829AD2478FE}.Release|Any CPU.Build.0 = Release|Any CPU
	EndGlobalSection
	GlobalSection(SolutionProperties) = preSolution
		HideSolutionNode = FALSE
	EndGlobalSection
	GlobalSection(ExtensibilityGlobals) = postSolution
		SolutionGuid = {60BD706D-E0C5-4157-8773-BDA84853089E}
	EndGlobalSection
EndGlobal
